PODS:
  - AFNetworking (2.5.2):
    - AFNetworking/NSURLConnection (= 2.5.2)
    - AFNetworking/NSURLSession (= 2.5.2)
    - AFNetworking/Reachability (= 2.5.2)
    - AFNetworking/Security (= 2.5.2)
    - AFNetworking/Serialization (= 2.5.2)
    - AFNetworking/UIKit (= 2.5.2)
  - AFNetworking/NSURLConnection (2.5.2):
    - AFNetworking/Reachability
    - AFNetworking/Security
    - AFNetworking/Serialization
  - AFNetworking/NSURLSession (2.5.2):
    - AFNetworking/Reachability
    - AFNetworking/Security
    - AFNetworking/Serialization
  - AFNetworking/Reachability (2.5.2)
  - AFNetworking/Security (2.5.2)
  - AFNetworking/Serialization (2.5.2)
  - AFNetworking/UIKit (2.5.2):
    - AFNetworking/NSURLConnection
    - AFNetworking/NSURLSession
  - Spark-SDK (0.1.3):
    - Spark-SDK/Helpers (= 0.1.3)
    - Spark-SDK/SDK (= 0.1.3)
  - Spark-SDK/Helpers (0.1.3)
  - Spark-SDK/SDK (0.1.3):
    - AFNetworking
    - Spark-SDK/Helpers
  - Spark-Setup (0.1.0):
    - Spark-SDK

DEPENDENCIES:
  - Spark-SDK (from `../../spark-sdk-ios/`)
  - Spark-Setup (from `../`)

EXTERNAL SOURCES:
  Spark-SDK:
    :path: ../../spark-sdk-ios/
  Spark-Setup:
    :path: ../

SPEC CHECKSUMS:
  AFNetworking: fefbce9660acb17f48ae0011292d4da0f457bf36
  Spark-SDK: 5df8d7325e33b41345e56fdbc982c7b321fc2471
  Spark-Setup: 304b5b94d47c5cc610f45436c6300f681040a127

COCOAPODS: 0.36.0
