// !$*UTF8*$!
{
	archiveVersion = 1;
	classes = {
	};
	objectVersion = 46;
	objects = {

/* Begin PBXBuildFile section */
		23512E027734886C6DEAAA94 /* libPods.a in Frameworks */ = {isa = PBXBuildFile; fileRef = F404D8EB82B123EA6352E8F3 /* libPods.a */; };
		50139EAE1B9FD09400B900EF /* FastSocket.h in Headers */ = {isa = PBXBuildFile; fileRef = 50139EAD1B9FD09400B900EF /* FastSocket.h */; };
		50139EAF1BA209B100B900EF /* Info.plist in Resources */ = {isa = PBXBuildFile; fileRef = 509081FB1ACF707C0014E7DF /* Info.plist */; settings = {ASSET_TAGS = (); }; };
		506C6FE61AD32E1C009D8498 /* SparkSetupUIViewController.m in Sources */ = {isa = PBXBuildFile; fileRef = 506C6FE41AD32E1C009D8498 /* SparkSetupUIViewController.m */; };
		509081B21ACF6A8A0014E7DF /* setup.xcassets in Resources */ = {isa = PBXBuildFile; fileRef = 509081AF1ACF6A8A0014E7DF /* setup.xcassets */; };
		509081B41ACF6A8A0014E7DF /* setup.storyboard in Resources */ = {isa = PBXBuildFile; fileRef = 509081B11ACF6A8A0014E7DF /* setup.storyboard */; };
		509081E41ACF6AF70014E7DF /* Reachability.m in Sources */ = {isa = PBXBuildFile; fileRef = 509081B71ACF6AF70014E7DF /* Reachability.m */; };
		509081E51ACF6AF70014E7DF /* SparkSetupCommManager.m in Sources */ = {isa = PBXBuildFile; fileRef = 509081B91ACF6AF70014E7DF /* SparkSetupCommManager.m */; };
		509081E61ACF6AF70014E7DF /* SparkSetupConnection.m in Sources */ = {isa = PBXBuildFile; fileRef = 509081BB1ACF6AF70014E7DF /* SparkSetupConnection.m */; };
		509081E71ACF6AF70014E7DF /* SparkSetupSecurityManager.m in Sources */ = {isa = PBXBuildFile; fileRef = 509081BD1ACF6AF70014E7DF /* SparkSetupSecurityManager.m */; };
		509081E81ACF6AF70014E7DF /* SparkConnectingProgressViewController.m in Sources */ = {isa = PBXBuildFile; fileRef = 509081C01ACF6AF70014E7DF /* SparkConnectingProgressViewController.m */; };
		509081E91ACF6AF70014E7DF /* SparkDiscoverDeviceViewController.m in Sources */ = {isa = PBXBuildFile; fileRef = 509081C21ACF6AF70014E7DF /* SparkDiscoverDeviceViewController.m */; };
		509081EA1ACF6AF70014E7DF /* SparkGetReadyViewController.m in Sources */ = {isa = PBXBuildFile; fileRef = 509081C41ACF6AF70014E7DF /* SparkGetReadyViewController.m */; };
		509081EB1ACF6AF70014E7DF /* SparkManualNetworkViewController.m in Sources */ = {isa = PBXBuildFile; fileRef = 509081C61ACF6AF70014E7DF /* SparkManualNetworkViewController.m */; };
		509081EC1ACF6AF70014E7DF /* SparkSelectNetworkViewController.m in Sources */ = {isa = PBXBuildFile; fileRef = 509081C81ACF6AF70014E7DF /* SparkSelectNetworkViewController.m */; };
		509081ED1ACF6AF70014E7DF /* SparkSetupPasswordEntryViewController.m in Sources */ = {isa = PBXBuildFile; fileRef = 509081CA1ACF6AF70014E7DF /* SparkSetupPasswordEntryViewController.m */; };
		509081F01ACF6AF70014E7DF /* SparkSetupWebViewController.m in Sources */ = {isa = PBXBuildFile; fileRef = 509081D01ACF6AF70014E7DF /* SparkSetupWebViewController.m */; };
		509081F11ACF6AF70014E7DF /* SparkUserForgotPasswordViewController.m in Sources */ = {isa = PBXBuildFile; fileRef = 509081D21ACF6AF70014E7DF /* SparkUserForgotPasswordViewController.m */; };
		509081F21ACF6AF70014E7DF /* SparkUserLoginViewController.m in Sources */ = {isa = PBXBuildFile; fileRef = 509081D41ACF6AF70014E7DF /* SparkUserLoginViewController.m */; };
		509081F31ACF6AF70014E7DF /* SparkUserSignupViewController.m in Sources */ = {isa = PBXBuildFile; fileRef = 509081D61ACF6AF70014E7DF /* SparkUserSignupViewController.m */; };
		509081F41ACF6AF70014E7DF /* SparkSetupUIButton.m in Sources */ = {isa = PBXBuildFile; fileRef = 509081D91ACF6AF70014E7DF /* SparkSetupUIButton.m */; };
		509081F51ACF6AF70014E7DF /* SparkSetupUILabel.m in Sources */ = {isa = PBXBuildFile; fileRef = 509081DC1ACF6AF70014E7DF /* SparkSetupUILabel.m */; };
		509081F61ACF6AF70014E7DF /* SparkSetupUISpinner.m in Sources */ = {isa = PBXBuildFile; fileRef = 509081DE1ACF6AF70014E7DF /* SparkSetupUISpinner.m */; };
		509081F71ACF6AF70014E7DF /* SparkSetupCustomization.m in Sources */ = {isa = PBXBuildFile; fileRef = 509081E11ACF6AF70014E7DF /* SparkSetupCustomization.m */; };
		509081F81ACF6AF70014E7DF /* SparkSetupMainController.m in Sources */ = {isa = PBXBuildFile; fileRef = 509081E31ACF6AF70014E7DF /* SparkSetupMainController.m */; };
		50CAA4C31BA27D70002FEF0F /* SparkSetupWifiTableViewCell.h in Headers */ = {isa = PBXBuildFile; fileRef = 50CAA4C11BA27D70002FEF0F /* SparkSetupWifiTableViewCell.h */; settings = {ASSET_TAGS = (); }; };
		50CAA4C41BA27D70002FEF0F /* SparkSetupWifiTableViewCell.m in Sources */ = {isa = PBXBuildFile; fileRef = 50CAA4C21BA27D70002FEF0F /* SparkSetupWifiTableViewCell.m */; settings = {ASSET_TAGS = (); }; };
		50D095991AD5BB6E008EDBD7 /* SparkSetup.h in Headers */ = {isa = PBXBuildFile; fileRef = 50D095981AD5BB6E008EDBD7 /* SparkSetup.h */; settings = {ATTRIBUTES = (Public, ); }; };
		50E01B041B7AFC510020714F /* SparkSetupResultViewController.h in Headers */ = {isa = PBXBuildFile; fileRef = 50E01B021B7AFC510020714F /* SparkSetupResultViewController.h */; };
		50E01B051B7AFC510020714F /* SparkSetupResultViewController.m in Sources */ = {isa = PBXBuildFile; fileRef = 50E01B031B7AFC510020714F /* SparkSetupResultViewController.m */; };
		50E508971B754C01008EB036 /* Spark-SDK.h in Headers */ = {isa = PBXBuildFile; fileRef = 50E508941B754C01008EB036 /* Spark-SDK.h */; };
		50E508981B754C01008EB036 /* SparkCloud.h in Headers */ = {isa = PBXBuildFile; fileRef = 50E508951B754C01008EB036 /* SparkCloud.h */; };
		50E508991B754C01008EB036 /* SparkDevice.h in Headers */ = {isa = PBXBuildFile; fileRef = 50E508961B754C01008EB036 /* SparkDevice.h */; };
/* End PBXBuildFile section */

/* Begin PBXCopyFilesBuildPhase section */
		509080E51ACF49660014E7DF /* CopyFiles */ = {
			isa = PBXCopyFilesBuildPhase;
			buildActionMask = 12;
			dstPath = "include/$(PRODUCT_NAME)";
			dstSubfolderSpec = 10;
			files = (
			);
			runOnlyForDeploymentPostprocessing = 0;
		};
/* End PBXCopyFilesBuildPhase section */

/* Begin PBXFileReference section */
		50139EAD1B9FD09400B900EF /* FastSocket.h */ = {isa = PBXFileReference; lastKnownFileType = sourcecode.c.h; name = FastSocket.h; path = Pods/FastSocket/FastSocket.h; sourceTree = "<group>"; };
		5018DC4A1ADC862E00ADD403 /* SparkSetup-Bridging-Header.h */ = {isa = PBXFileReference; lastKnownFileType = sourcecode.c.h; name = "SparkSetup-Bridging-Header.h"; path = "Classes/SparkSetup-Bridging-Header.h"; sourceTree = SOURCE_ROOT; };
		5066876C1BB23067008E363B /* CHANGELOG.md */ = {isa = PBXFileReference; lastKnownFileType = net.daringfireball.markdown; path = CHANGELOG.md; sourceTree = "<group>"; };
		506C6FE31AD32E1C009D8498 /* SparkSetupUIViewController.h */ = {isa = PBXFileReference; fileEncoding = 4; lastKnownFileType = sourcecode.c.h; path = SparkSetupUIViewController.h; sourceTree = "<group>"; };
		506C6FE41AD32E1C009D8498 /* SparkSetupUIViewController.m */ = {isa = PBXFileReference; fileEncoding = 4; lastKnownFileType = sourcecode.c.objc; path = SparkSetupUIViewController.m; sourceTree = "<group>"; };
		509080DC1ACF494A0014E7DF /* SparkSetup.bundle */ = {isa = PBXFileReference; explicitFileType = wrapper.cfbundle; includeInIndex = 0; path = SparkSetup.bundle; sourceTree = BUILT_PRODUCTS_DIR; };
		509080E71ACF49660014E7DF /* libSparkSetup.a */ = {isa = PBXFileReference; explicitFileType = archive.ar; includeInIndex = 0; path = libSparkSetup.a; sourceTree = BUILT_PRODUCTS_DIR; };
		509081AC1ACF69720014E7DF /* SparkSetup.podspec */ = {isa = PBXFileReference; explicitFileType = text.script.ruby; fileEncoding = 4; path = SparkSetup.podspec; sourceTree = "<group>"; };
		509081AF1ACF6A8A0014E7DF /* setup.xcassets */ = {isa = PBXFileReference; lastKnownFileType = folder.assetcatalog; path = setup.xcassets; sourceTree = "<group>"; };
		509081B11ACF6A8A0014E7DF /* setup.storyboard */ = {isa = PBXFileReference; fileEncoding = 4; lastKnownFileType = file.storyboard; path = setup.storyboard; sourceTree = "<group>"; };
		509081B61ACF6AF70014E7DF /* Reachability.h */ = {isa = PBXFileReference; fileEncoding = 4; lastKnownFileType = sourcecode.c.h; path = Reachability.h; sourceTree = "<group>"; };
		509081B71ACF6AF70014E7DF /* Reachability.m */ = {isa = PBXFileReference; fileEncoding = 4; lastKnownFileType = sourcecode.c.objc; path = Reachability.m; sourceTree = "<group>"; };
		509081B81ACF6AF70014E7DF /* SparkSetupCommManager.h */ = {isa = PBXFileReference; fileEncoding = 4; lastKnownFileType = sourcecode.c.h; path = SparkSetupCommManager.h; sourceTree = "<group>"; };
		509081B91ACF6AF70014E7DF /* SparkSetupCommManager.m */ = {isa = PBXFileReference; fileEncoding = 4; lastKnownFileType = sourcecode.c.objc; path = SparkSetupCommManager.m; sourceTree = "<group>"; };
		509081BA1ACF6AF70014E7DF /* SparkSetupConnection.h */ = {isa = PBXFileReference; fileEncoding = 4; lastKnownFileType = sourcecode.c.h; path = SparkSetupConnection.h; sourceTree = "<group>"; };
		509081BB1ACF6AF70014E7DF /* SparkSetupConnection.m */ = {isa = PBXFileReference; fileEncoding = 4; lastKnownFileType = sourcecode.c.objc; path = SparkSetupConnection.m; sourceTree = "<group>"; };
		509081BC1ACF6AF70014E7DF /* SparkSetupSecurityManager.h */ = {isa = PBXFileReference; fileEncoding = 4; lastKnownFileType = sourcecode.c.h; path = SparkSetupSecurityManager.h; sourceTree = "<group>"; };
		509081BD1ACF6AF70014E7DF /* SparkSetupSecurityManager.m */ = {isa = PBXFileReference; fileEncoding = 4; lastKnownFileType = sourcecode.c.objc; path = SparkSetupSecurityManager.m; sourceTree = "<group>"; };
		509081BF1ACF6AF70014E7DF /* SparkConnectingProgressViewController.h */ = {isa = PBXFileReference; fileEncoding = 4; lastKnownFileType = sourcecode.c.h; path = SparkConnectingProgressViewController.h; sourceTree = "<group>"; };
		509081C01ACF6AF70014E7DF /* SparkConnectingProgressViewController.m */ = {isa = PBXFileReference; fileEncoding = 4; lastKnownFileType = sourcecode.c.objc; path = SparkConnectingProgressViewController.m; sourceTree = "<group>"; };
		509081C11ACF6AF70014E7DF /* SparkDiscoverDeviceViewController.h */ = {isa = PBXFileReference; fileEncoding = 4; lastKnownFileType = sourcecode.c.h; path = SparkDiscoverDeviceViewController.h; sourceTree = "<group>"; };
		509081C21ACF6AF70014E7DF /* SparkDiscoverDeviceViewController.m */ = {isa = PBXFileReference; fileEncoding = 4; lastKnownFileType = sourcecode.c.objc; path = SparkDiscoverDeviceViewController.m; sourceTree = "<group>"; };
		509081C31ACF6AF70014E7DF /* SparkGetReadyViewController.h */ = {isa = PBXFileReference; fileEncoding = 4; lastKnownFileType = sourcecode.c.h; path = SparkGetReadyViewController.h; sourceTree = "<group>"; };
		509081C41ACF6AF70014E7DF /* SparkGetReadyViewController.m */ = {isa = PBXFileReference; fileEncoding = 4; lastKnownFileType = sourcecode.c.objc; path = SparkGetReadyViewController.m; sourceTree = "<group>"; };
		509081C51ACF6AF70014E7DF /* SparkManualNetworkViewController.h */ = {isa = PBXFileReference; fileEncoding = 4; lastKnownFileType = sourcecode.c.h; path = SparkManualNetworkViewController.h; sourceTree = "<group>"; };
		509081C61ACF6AF70014E7DF /* SparkManualNetworkViewController.m */ = {isa = PBXFileReference; fileEncoding = 4; lastKnownFileType = sourcecode.c.objc; path = SparkManualNetworkViewController.m; sourceTree = "<group>"; };
		509081C71ACF6AF70014E7DF /* SparkSelectNetworkViewController.h */ = {isa = PBXFileReference; fileEncoding = 4; lastKnownFileType = sourcecode.c.h; path = SparkSelectNetworkViewController.h; sourceTree = "<group>"; };
		509081C81ACF6AF70014E7DF /* SparkSelectNetworkViewController.m */ = {isa = PBXFileReference; fileEncoding = 4; lastKnownFileType = sourcecode.c.objc; path = SparkSelectNetworkViewController.m; sourceTree = "<group>"; };
		509081C91ACF6AF70014E7DF /* SparkSetupPasswordEntryViewController.h */ = {isa = PBXFileReference; fileEncoding = 4; lastKnownFileType = sourcecode.c.h; path = SparkSetupPasswordEntryViewController.h; sourceTree = "<group>"; };
		509081CA1ACF6AF70014E7DF /* SparkSetupPasswordEntryViewController.m */ = {isa = PBXFileReference; fileEncoding = 4; lastKnownFileType = sourcecode.c.objc; path = SparkSetupPasswordEntryViewController.m; sourceTree = "<group>"; };
		509081CF1ACF6AF70014E7DF /* SparkSetupWebViewController.h */ = {isa = PBXFileReference; fileEncoding = 4; lastKnownFileType = sourcecode.c.h; path = SparkSetupWebViewController.h; sourceTree = "<group>"; };
		509081D01ACF6AF70014E7DF /* SparkSetupWebViewController.m */ = {isa = PBXFileReference; fileEncoding = 4; lastKnownFileType = sourcecode.c.objc; path = SparkSetupWebViewController.m; sourceTree = "<group>"; };
		509081D11ACF6AF70014E7DF /* SparkUserForgotPasswordViewController.h */ = {isa = PBXFileReference; fileEncoding = 4; lastKnownFileType = sourcecode.c.h; path = SparkUserForgotPasswordViewController.h; sourceTree = "<group>"; };
		509081D21ACF6AF70014E7DF /* SparkUserForgotPasswordViewController.m */ = {isa = PBXFileReference; fileEncoding = 4; lastKnownFileType = sourcecode.c.objc; path = SparkUserForgotPasswordViewController.m; sourceTree = "<group>"; };
		509081D31ACF6AF70014E7DF /* SparkUserLoginViewController.h */ = {isa = PBXFileReference; fileEncoding = 4; lastKnownFileType = sourcecode.c.h; path = SparkUserLoginViewController.h; sourceTree = "<group>"; };
		509081D41ACF6AF70014E7DF /* SparkUserLoginViewController.m */ = {isa = PBXFileReference; fileEncoding = 4; lastKnownFileType = sourcecode.c.objc; path = SparkUserLoginViewController.m; sourceTree = "<group>"; };
		509081D51ACF6AF70014E7DF /* SparkUserSignupViewController.h */ = {isa = PBXFileReference; fileEncoding = 4; lastKnownFileType = sourcecode.c.h; path = SparkUserSignupViewController.h; sourceTree = "<group>"; };
		509081D61ACF6AF70014E7DF /* SparkUserSignupViewController.m */ = {isa = PBXFileReference; fileEncoding = 4; lastKnownFileType = sourcecode.c.objc; path = SparkUserSignupViewController.m; sourceTree = "<group>"; };
		509081D81ACF6AF70014E7DF /* SparkSetupUIButton.h */ = {isa = PBXFileReference; fileEncoding = 4; lastKnownFileType = sourcecode.c.h; path = SparkSetupUIButton.h; sourceTree = "<group>"; };
		509081D91ACF6AF70014E7DF /* SparkSetupUIButton.m */ = {isa = PBXFileReference; fileEncoding = 4; lastKnownFileType = sourcecode.c.objc; path = SparkSetupUIButton.m; sourceTree = "<group>"; };
		509081DA1ACF6AF70014E7DF /* SparkSetupUIElements.h */ = {isa = PBXFileReference; fileEncoding = 4; lastKnownFileType = sourcecode.c.h; path = SparkSetupUIElements.h; sourceTree = "<group>"; };
		509081DB1ACF6AF70014E7DF /* SparkSetupUILabel.h */ = {isa = PBXFileReference; fileEncoding = 4; lastKnownFileType = sourcecode.c.h; path = SparkSetupUILabel.h; sourceTree = "<group>"; };
		509081DC1ACF6AF70014E7DF /* SparkSetupUILabel.m */ = {isa = PBXFileReference; fileEncoding = 4; lastKnownFileType = sourcecode.c.objc; path = SparkSetupUILabel.m; sourceTree = "<group>"; };
		509081DD1ACF6AF70014E7DF /* SparkSetupUISpinner.h */ = {isa = PBXFileReference; fileEncoding = 4; lastKnownFileType = sourcecode.c.h; path = SparkSetupUISpinner.h; sourceTree = "<group>"; };
		509081DE1ACF6AF70014E7DF /* SparkSetupUISpinner.m */ = {isa = PBXFileReference; fileEncoding = 4; lastKnownFileType = sourcecode.c.objc; path = SparkSetupUISpinner.m; sourceTree = "<group>"; };
		509081E01ACF6AF70014E7DF /* SparkSetupCustomization.h */ = {isa = PBXFileReference; fileEncoding = 4; lastKnownFileType = sourcecode.c.h; path = SparkSetupCustomization.h; sourceTree = "<group>"; };
		509081E11ACF6AF70014E7DF /* SparkSetupCustomization.m */ = {isa = PBXFileReference; fileEncoding = 4; lastKnownFileType = sourcecode.c.objc; path = SparkSetupCustomization.m; sourceTree = "<group>"; };
		509081E21ACF6AF70014E7DF /* SparkSetupMainController.h */ = {isa = PBXFileReference; fileEncoding = 4; lastKnownFileType = sourcecode.c.h; path = SparkSetupMainController.h; sourceTree = "<group>"; };
		509081E31ACF6AF70014E7DF /* SparkSetupMainController.m */ = {isa = PBXFileReference; fileEncoding = 4; lastKnownFileType = sourcecode.c.objc; path = SparkSetupMainController.m; sourceTree = "<group>"; };
		509081FB1ACF707C0014E7DF /* Info.plist */ = {isa = PBXFileReference; fileEncoding = 4; lastKnownFileType = text.plist.xml; path = Info.plist; sourceTree = "<group>"; };
		50CAA4C11BA27D70002FEF0F /* SparkSetupWifiTableViewCell.h */ = {isa = PBXFileReference; fileEncoding = 4; lastKnownFileType = sourcecode.c.h; path = SparkSetupWifiTableViewCell.h; sourceTree = "<group>"; };
		50CAA4C21BA27D70002FEF0F /* SparkSetupWifiTableViewCell.m */ = {isa = PBXFileReference; fileEncoding = 4; lastKnownFileType = sourcecode.c.objc; path = SparkSetupWifiTableViewCell.m; sourceTree = "<group>"; };
		50D0955A1AD38CE4008EDBD7 /* README.md */ = {isa = PBXFileReference; lastKnownFileType = net.daringfireball.markdown; path = README.md; sourceTree = "<group>"; };
		50D0955B1AD38E2E008EDBD7 /* LICENSE */ = {isa = PBXFileReference; lastKnownFileType = text; path = LICENSE; sourceTree = "<group>"; };
		50D095981AD5BB6E008EDBD7 /* SparkSetup.h */ = {isa = PBXFileReference; fileEncoding = 4; lastKnownFileType = sourcecode.c.h; name = SparkSetup.h; path = Classes/SparkSetup.h; sourceTree = SOURCE_ROOT; };
		50E01B021B7AFC510020714F /* SparkSetupResultViewController.h */ = {isa = PBXFileReference; fileEncoding = 4; lastKnownFileType = sourcecode.c.h; path = SparkSetupResultViewController.h; sourceTree = "<group>"; };
		50E01B031B7AFC510020714F /* SparkSetupResultViewController.m */ = {isa = PBXFileReference; fileEncoding = 4; lastKnownFileType = sourcecode.c.objc; path = SparkSetupResultViewController.m; sourceTree = "<group>"; };
		50E508941B754C01008EB036 /* Spark-SDK.h */ = {isa = PBXFileReference; fileEncoding = 4; lastKnownFileType = sourcecode.c.h; name = "Spark-SDK.h"; path = "../spark-sdk-ios/Pod/Classes/Spark-SDK.h"; sourceTree = "<group>"; };
		50E508951B754C01008EB036 /* SparkCloud.h */ = {isa = PBXFileReference; fileEncoding = 4; lastKnownFileType = sourcecode.c.h; name = SparkCloud.h; path = "../spark-sdk-ios/Pod/Classes/SDK/SparkCloud.h"; sourceTree = "<group>"; };
		50E508961B754C01008EB036 /* SparkDevice.h */ = {isa = PBXFileReference; fileEncoding = 4; lastKnownFileType = sourcecode.c.h; name = SparkDevice.h; path = "../spark-sdk-ios/Pod/Classes/SDK/SparkDevice.h"; sourceTree = "<group>"; };
		8D140506C125F8E7CE18E841 /* Pods.debug.xcconfig */ = {isa = PBXFileReference; includeInIndex = 1; lastKnownFileType = text.xcconfig; name = Pods.debug.xcconfig; path = "Pods/Target Support Files/Pods/Pods.debug.xcconfig"; sourceTree = "<group>"; };
		F404D8EB82B123EA6352E8F3 /* libPods.a */ = {isa = PBXFileReference; explicitFileType = archive.ar; includeInIndex = 0; path = libPods.a; sourceTree = BUILT_PRODUCTS_DIR; };
		FC0ADC41A6CCAF841506DF90 /* Pods.release.xcconfig */ = {isa = PBXFileReference; includeInIndex = 1; lastKnownFileType = text.xcconfig; name = Pods.release.xcconfig; path = "Pods/Target Support Files/Pods/Pods.release.xcconfig"; sourceTree = "<group>"; };
/* End PBXFileReference section */

/* Begin PBXFrameworksBuildPhase section */
		509080D91ACF494A0014E7DF /* Frameworks */ = {
			isa = PBXFrameworksBuildPhase;
			buildActionMask = 2147483647;
			files = (
				23512E027734886C6DEAAA94 /* libPods.a in Frameworks */,
			);
			runOnlyForDeploymentPostprocessing = 0;
		};
		509080E41ACF49660014E7DF /* Frameworks */ = {
			isa = PBXFrameworksBuildPhase;
			buildActionMask = 2147483647;
			files = (
			);
			runOnlyForDeploymentPostprocessing = 0;
		};
/* End PBXFrameworksBuildPhase section */

/* Begin PBXGroup section */
		1B1A9049554A9AA8660E1AAD /* Pods */ = {
			isa = PBXGroup;
			children = (
				8D140506C125F8E7CE18E841 /* Pods.debug.xcconfig */,
				FC0ADC41A6CCAF841506DF90 /* Pods.release.xcconfig */,
			);
			name = Pods;
			sourceTree = "<group>";
		};
		4B2BF0FCCECCBC6E051F3901 /* Frameworks */ = {
			isa = PBXGroup;
			children = (
				F404D8EB82B123EA6352E8F3 /* libPods.a */,
			);
			name = Frameworks;
			sourceTree = "<group>";
		};
		509080B51ACF46600014E7DF = {
			isa = PBXGroup;
			children = (
				509080BF1ACF46600014E7DF /* Products */,
				50D0955C1AD38E35008EDBD7 /* Pod metadata */,
				509081611ACF66E60014E7DF /* Classes */,
				509081AE1ACF6A8A0014E7DF /* Resources */,
				1B1A9049554A9AA8660E1AAD /* Pods */,
				4B2BF0FCCECCBC6E051F3901 /* Frameworks */,
			);
			sourceTree = "<group>";
		};
		509080BF1ACF46600014E7DF /* Products */ = {
			isa = PBXGroup;
			children = (
				509080DC1ACF494A0014E7DF /* SparkSetup.bundle */,
				509080E71ACF49660014E7DF /* libSparkSetup.a */,
			);
			name = Products;
			sourceTree = "<group>";
		};
		509081611ACF66E60014E7DF /* Classes */ = {
			isa = PBXGroup;
			children = (
				50D095981AD5BB6E008EDBD7 /* SparkSetup.h */,
				5018DC4A1ADC862E00ADD403 /* SparkSetup-Bridging-Header.h */,
				509082031ACF71500014E7DF /* Spark-SDK Headers */,
				509081B51ACF6AF70014E7DF /* Comm */,
				509081BE1ACF6AF70014E7DF /* UI */,
				509081DF1ACF6AF70014E7DF /* User */,
			);
			name = Classes;
			path = "Soft AP setup";
			sourceTree = "<group>";
		};
		509081AE1ACF6A8A0014E7DF /* Resources */ = {
			isa = PBXGroup;
			children = (
				509081FB1ACF707C0014E7DF /* Info.plist */,
				509081AF1ACF6A8A0014E7DF /* setup.xcassets */,
				509081B11ACF6A8A0014E7DF /* setup.storyboard */,
			);
			path = Resources;
			sourceTree = "<group>";
		};
		509081B51ACF6AF70014E7DF /* Comm */ = {
			isa = PBXGroup;
			children = (
				509081B61ACF6AF70014E7DF /* Reachability.h */,
				509081B71ACF6AF70014E7DF /* Reachability.m */,
				509081B81ACF6AF70014E7DF /* SparkSetupCommManager.h */,
				509081B91ACF6AF70014E7DF /* SparkSetupCommManager.m */,
				509081BA1ACF6AF70014E7DF /* SparkSetupConnection.h */,
				509081BB1ACF6AF70014E7DF /* SparkSetupConnection.m */,
				509081BC1ACF6AF70014E7DF /* SparkSetupSecurityManager.h */,
				509081BD1ACF6AF70014E7DF /* SparkSetupSecurityManager.m */,
			);
			name = Comm;
			path = Classes/Comm;
			sourceTree = SOURCE_ROOT;
		};
		509081BE1ACF6AF70014E7DF /* UI */ = {
			isa = PBXGroup;
			children = (
				50E01B021B7AFC510020714F /* SparkSetupResultViewController.h */,
				50E01B031B7AFC510020714F /* SparkSetupResultViewController.m */,
				509081BF1ACF6AF70014E7DF /* SparkConnectingProgressViewController.h */,
				509081C01ACF6AF70014E7DF /* SparkConnectingProgressViewController.m */,
				509081C11ACF6AF70014E7DF /* SparkDiscoverDeviceViewController.h */,
				509081C21ACF6AF70014E7DF /* SparkDiscoverDeviceViewController.m */,
				509081C31ACF6AF70014E7DF /* SparkGetReadyViewController.h */,
				509081C41ACF6AF70014E7DF /* SparkGetReadyViewController.m */,
				509081C51ACF6AF70014E7DF /* SparkManualNetworkViewController.h */,
				509081C61ACF6AF70014E7DF /* SparkManualNetworkViewController.m */,
				509081C71ACF6AF70014E7DF /* SparkSelectNetworkViewController.h */,
				509081C81ACF6AF70014E7DF /* SparkSelectNetworkViewController.m */,
				509081C91ACF6AF70014E7DF /* SparkSetupPasswordEntryViewController.h */,
				509081CA1ACF6AF70014E7DF /* SparkSetupPasswordEntryViewController.m */,
				509081CF1ACF6AF70014E7DF /* SparkSetupWebViewController.h */,
				509081D01ACF6AF70014E7DF /* SparkSetupWebViewController.m */,
				509081D11ACF6AF70014E7DF /* SparkUserForgotPasswordViewController.h */,
				509081D21ACF6AF70014E7DF /* SparkUserForgotPasswordViewController.m */,
				509081D31ACF6AF70014E7DF /* SparkUserLoginViewController.h */,
				509081D41ACF6AF70014E7DF /* SparkUserLoginViewController.m */,
				509081D51ACF6AF70014E7DF /* SparkUserSignupViewController.h */,
				509081D61ACF6AF70014E7DF /* SparkUserSignupViewController.m */,
				509081D71ACF6AF70014E7DF /* UI Elements */,
			);
			name = UI;
			path = Classes/UI;
			sourceTree = SOURCE_ROOT;
		};
		509081D71ACF6AF70014E7DF /* UI Elements */ = {
			isa = PBXGroup;
			children = (
				50CAA4C11BA27D70002FEF0F /* SparkSetupWifiTableViewCell.h */,
				50CAA4C21BA27D70002FEF0F /* SparkSetupWifiTableViewCell.m */,
				506C6FE31AD32E1C009D8498 /* SparkSetupUIViewController.h */,
				506C6FE41AD32E1C009D8498 /* SparkSetupUIViewController.m */,
				509081D81ACF6AF70014E7DF /* SparkSetupUIButton.h */,
				509081D91ACF6AF70014E7DF /* SparkSetupUIButton.m */,
				509081DA1ACF6AF70014E7DF /* SparkSetupUIElements.h */,
				509081DB1ACF6AF70014E7DF /* SparkSetupUILabel.h */,
				509081DC1ACF6AF70014E7DF /* SparkSetupUILabel.m */,
				509081DD1ACF6AF70014E7DF /* SparkSetupUISpinner.h */,
				509081DE1ACF6AF70014E7DF /* SparkSetupUISpinner.m */,
			);
			path = "UI Elements";
			sourceTree = "<group>";
		};
		509081DF1ACF6AF70014E7DF /* User */ = {
			isa = PBXGroup;
			children = (
				509081E01ACF6AF70014E7DF /* SparkSetupCustomization.h */,
				509081E11ACF6AF70014E7DF /* SparkSetupCustomization.m */,
				509081E21ACF6AF70014E7DF /* SparkSetupMainController.h */,
				509081E31ACF6AF70014E7DF /* SparkSetupMainController.m */,
			);
			name = User;
			path = Classes/User;
			sourceTree = SOURCE_ROOT;
		};
		509082031ACF71500014E7DF /* Spark-SDK Headers */ = {
			isa = PBXGroup;
			children = (
				50139EAD1B9FD09400B900EF /* FastSocket.h */,
				50E508941B754C01008EB036 /* Spark-SDK.h */,
				50E508951B754C01008EB036 /* SparkCloud.h */,
				50E508961B754C01008EB036 /* SparkDevice.h */,
			);
			name = "Spark-SDK Headers";
			path = ..;
			sourceTree = "<group>";
		};
		50D0955C1AD38E35008EDBD7 /* Pod metadata */ = {
			isa = PBXGroup;
			children = (
				5066876C1BB23067008E363B /* CHANGELOG.md */,
				509081AC1ACF69720014E7DF /* SparkSetup.podspec */,
				50D0955A1AD38CE4008EDBD7 /* README.md */,
				50D0955B1AD38E2E008EDBD7 /* LICENSE */,
			);
			name = "Pod metadata";
			sourceTree = "<group>";
		};
/* End PBXGroup section */

/* Begin PBXHeadersBuildPhase section */
		506C6FE01AD31AF1009D8498 /* Headers */ = {
			isa = PBXHeadersBuildPhase;
			buildActionMask = 2147483647;
			files = (
				50E01B041B7AFC510020714F /* SparkSetupResultViewController.h in Headers */,
				50CAA4C31BA27D70002FEF0F /* SparkSetupWifiTableViewCell.h in Headers */,
				50139EAE1B9FD09400B900EF /* FastSocket.h in Headers */,
				50E508991B754C01008EB036 /* SparkDevice.h in Headers */,
				50D095991AD5BB6E008EDBD7 /* SparkSetup.h in Headers */,
				50E508981B754C01008EB036 /* SparkCloud.h in Headers */,
				50E508971B754C01008EB036 /* Spark-SDK.h in Headers */,
			);
			runOnlyForDeploymentPostprocessing = 0;
		};
/* End PBXHeadersBuildPhase section */

/* Begin PBXNativeTarget section */
		509080DB1ACF494A0014E7DF /* SparkSetupResourceBundle */ = {
			isa = PBXNativeTarget;
			buildConfigurationList = 509080E01ACF494A0014E7DF /* Build configuration list for PBXNativeTarget "SparkSetupResourceBundle" */;
			buildPhases = (
				23858492B0D8D41AFB4EBD24 /* Check Pods Manifest.lock */,
				509080D81ACF494A0014E7DF /* Sources */,
				509080D91ACF494A0014E7DF /* Frameworks */,
				509080DA1ACF494A0014E7DF /* Resources */,
				E7DC6E904303A6A5CD514CFF /* Copy Pods Resources */,
			);
			buildRules = (
			);
			dependencies = (
			);
			name = SparkSetupResourceBundle;
			productName = "Resource Bundle";
			productReference = 509080DC1ACF494A0014E7DF /* SparkSetup.bundle */;
			productType = "com.apple.product-type.bundle";
		};
		509080E61ACF49660014E7DF /* SparkSetup */ = {
			isa = PBXNativeTarget;
			buildConfigurationList = 509080F81ACF49670014E7DF /* Build configuration list for PBXNativeTarget "SparkSetup" */;
			buildPhases = (
				509080E31ACF49660014E7DF /* Sources */,
				509080E41ACF49660014E7DF /* Frameworks */,
				509080E51ACF49660014E7DF /* CopyFiles */,
				506C6FE01AD31AF1009D8498 /* Headers */,
			);
			buildRules = (
			);
			dependencies = (
			);
			name = SparkSetup;
			productName = "Lib Core";
			productReference = 509080E71ACF49660014E7DF /* libSparkSetup.a */;
			productType = "com.apple.product-type.library.static";
		};
/* End PBXNativeTarget section */

/* Begin PBXProject section */
		509080B61ACF46600014E7DF /* Project object */ = {
			isa = PBXProject;
			attributes = {
				LastUpgradeCheck = 0630;
				ORGANIZATIONNAME = spark;
				TargetAttributes = {
					509080DB1ACF494A0014E7DF = {
						CreatedOnToolsVersion = 6.2;
					};
					509080E61ACF49660014E7DF = {
						CreatedOnToolsVersion = 6.2;
					};
				};
			};
			buildConfigurationList = 509080B91ACF46600014E7DF /* Build configuration list for PBXProject "SparkSetup" */;
			compatibilityVersion = "Xcode 3.2";
			developmentRegion = English;
			hasScannedForEncodings = 0;
			knownRegions = (
				en,
			);
			mainGroup = 509080B51ACF46600014E7DF;
			productRefGroup = 509080BF1ACF46600014E7DF /* Products */;
			projectDirPath = "";
			projectRoot = "";
			targets = (
				509080DB1ACF494A0014E7DF /* SparkSetupResourceBundle */,
				509080E61ACF49660014E7DF /* SparkSetup */,
			);
		};
/* End PBXProject section */

/* Begin PBXResourcesBuildPhase section */
		509080DA1ACF494A0014E7DF /* Resources */ = {
			isa = PBXResourcesBuildPhase;
			buildActionMask = 2147483647;
			files = (
				509081B41ACF6A8A0014E7DF /* setup.storyboard in Resources */,
				509081B21ACF6A8A0014E7DF /* setup.xcassets in Resources */,
				50139EAF1BA209B100B900EF /* Info.plist in Resources */,
			);
			runOnlyForDeploymentPostprocessing = 0;
		};
/* End PBXResourcesBuildPhase section */

/* Begin PBXShellScriptBuildPhase section */
		23858492B0D8D41AFB4EBD24 /* Check Pods Manifest.lock */ = {
			isa = PBXShellScriptBuildPhase;
			buildActionMask = 2147483647;
			files = (
			);
			inputPaths = (
			);
			name = "Check Pods Manifest.lock";
			outputPaths = (
			);
			runOnlyForDeploymentPostprocessing = 0;
			shellPath = /bin/sh;
			shellScript = "diff \"${PODS_ROOT}/../Podfile.lock\" \"${PODS_ROOT}/Manifest.lock\" > /dev/null\nif [[ $? != 0 ]] ; then\n    cat << EOM\nerror: The sandbox is not in sync with the Podfile.lock. Run 'pod install' or update your CocoaPods installation.\nEOM\n    exit 1\nfi\n";
			showEnvVarsInLog = 0;
		};
		E7DC6E904303A6A5CD514CFF /* Copy Pods Resources */ = {
			isa = PBXShellScriptBuildPhase;
			buildActionMask = 2147483647;
			files = (
			);
			inputPaths = (
			);
			name = "Copy Pods Resources";
			outputPaths = (
			);
			runOnlyForDeploymentPostprocessing = 0;
			shellPath = /bin/sh;
			shellScript = "\"${SRCROOT}/Pods/Target Support Files/Pods/Pods-resources.sh\"\n";
			showEnvVarsInLog = 0;
		};
/* End PBXShellScriptBuildPhase section */

/* Begin PBXSourcesBuildPhase section */
		509080D81ACF494A0014E7DF /* Sources */ = {
			isa = PBXSourcesBuildPhase;
			buildActionMask = 2147483647;
			files = (
			);
			runOnlyForDeploymentPostprocessing = 0;
		};
		509080E31ACF49660014E7DF /* Sources */ = {
			isa = PBXSourcesBuildPhase;
			buildActionMask = 2147483647;
			files = (
				509081E41ACF6AF70014E7DF /* Reachability.m in Sources */,
				509081EC1ACF6AF70014E7DF /* SparkSelectNetworkViewController.m in Sources */,
				50CAA4C41BA27D70002FEF0F /* SparkSetupWifiTableViewCell.m in Sources */,
				509081F71ACF6AF70014E7DF /* SparkSetupCustomization.m in Sources */,
				509081F21ACF6AF70014E7DF /* SparkUserLoginViewController.m in Sources */,
				509081F61ACF6AF70014E7DF /* SparkSetupUISpinner.m in Sources */,
				509081F81ACF6AF70014E7DF /* SparkSetupMainController.m in Sources */,
				509081F11ACF6AF70014E7DF /* SparkUserForgotPasswordViewController.m in Sources */,
				50E01B051B7AFC510020714F /* SparkSetupResultViewController.m in Sources */,
				509081F41ACF6AF70014E7DF /* SparkSetupUIButton.m in Sources */,
				509081EB1ACF6AF70014E7DF /* SparkManualNetworkViewController.m in Sources */,
				506C6FE61AD32E1C009D8498 /* SparkSetupUIViewController.m in Sources */,
				509081E81ACF6AF70014E7DF /* SparkConnectingProgressViewController.m in Sources */,
				509081E51ACF6AF70014E7DF /* SparkSetupCommManager.m in Sources */,
				509081F01ACF6AF70014E7DF /* SparkSetupWebViewController.m in Sources */,
				509081F51ACF6AF70014E7DF /* SparkSetupUILabel.m in Sources */,
				509081E61ACF6AF70014E7DF /* SparkSetupConnection.m in Sources */,
				509081E71ACF6AF70014E7DF /* SparkSetupSecurityManager.m in Sources */,
				509081EA1ACF6AF70014E7DF /* SparkGetReadyViewController.m in Sources */,
				509081ED1ACF6AF70014E7DF /* SparkSetupPasswordEntryViewController.m in Sources */,
				509081E91ACF6AF70014E7DF /* SparkDiscoverDeviceViewController.m in Sources */,
				509081F31ACF6AF70014E7DF /* SparkUserSignupViewController.m in Sources */,
			);
			runOnlyForDeploymentPostprocessing = 0;
		};
/* End PBXSourcesBuildPhase section */

/* Begin XCBuildConfiguration section */
		509080D01ACF46600014E7DF /* Debug */ = {
			isa = XCBuildConfiguration;
			buildSettings = {
				ALWAYS_SEARCH_USER_PATHS = NO;
				CLANG_CXX_LANGUAGE_STANDARD = "gnu++0x";
				CLANG_CXX_LIBRARY = "libc++";
				CLANG_ENABLE_MODULES = YES;
				CLANG_ENABLE_OBJC_ARC = YES;
				CLANG_WARN_BOOL_CONVERSION = YES;
				CLANG_WARN_CONSTANT_CONVERSION = YES;
				CLANG_WARN_DIRECT_OBJC_ISA_USAGE = YES_ERROR;
				CLANG_WARN_EMPTY_BODY = YES;
				CLANG_WARN_ENUM_CONVERSION = YES;
				CLANG_WARN_INT_CONVERSION = YES;
				CLANG_WARN_OBJC_ROOT_CLASS = YES_ERROR;
				CLANG_WARN_UNREACHABLE_CODE = YES;
				CLANG_WARN__DUPLICATE_METHOD_MATCH = YES;
				COPY_PHASE_STRIP = NO;
				ENABLE_STRICT_OBJC_MSGSEND = YES;
				GCC_C_LANGUAGE_STANDARD = gnu99;
				GCC_DYNAMIC_NO_PIC = NO;
				GCC_OPTIMIZATION_LEVEL = 0;
				GCC_PREPROCESSOR_DEFINITIONS = (
					"DEBUG=1",
					"$(inherited)",
				);
				GCC_SYMBOLS_PRIVATE_EXTERN = NO;
				GCC_WARN_64_TO_32_BIT_CONVERSION = YES;
				GCC_WARN_ABOUT_RETURN_TYPE = YES_ERROR;
				GCC_WARN_UNDECLARED_SELECTOR = YES;
				GCC_WARN_UNINITIALIZED_AUTOS = YES_AGGRESSIVE;
				GCC_WARN_UNUSED_FUNCTION = YES;
				GCC_WARN_UNUSED_VARIABLE = YES;
				IPHONEOS_DEPLOYMENT_TARGET = 7.1;
				MTL_ENABLE_DEBUG_INFO = YES;
				ONLY_ACTIVE_ARCH = YES;
				SDKROOT = iphoneos;
				VALID_ARCHS = "arm64 i386 armv7 armv7s";
			};
			name = Debug;
		};
		509080D11ACF46600014E7DF /* Release */ = {
			isa = XCBuildConfiguration;
			buildSettings = {
				ALWAYS_SEARCH_USER_PATHS = NO;
				CLANG_CXX_LANGUAGE_STANDARD = "gnu++0x";
				CLANG_CXX_LIBRARY = "libc++";
				CLANG_ENABLE_MODULES = YES;
				CLANG_ENABLE_OBJC_ARC = YES;
				CLANG_WARN_BOOL_CONVERSION = YES;
				CLANG_WARN_CONSTANT_CONVERSION = YES;
				CLANG_WARN_DIRECT_OBJC_ISA_USAGE = YES_ERROR;
				CLANG_WARN_EMPTY_BODY = YES;
				CLANG_WARN_ENUM_CONVERSION = YES;
				CLANG_WARN_INT_CONVERSION = YES;
				CLANG_WARN_OBJC_ROOT_CLASS = YES_ERROR;
				CLANG_WARN_UNREACHABLE_CODE = YES;
				CLANG_WARN__DUPLICATE_METHOD_MATCH = YES;
				COPY_PHASE_STRIP = NO;
				ENABLE_NS_ASSERTIONS = NO;
				ENABLE_STRICT_OBJC_MSGSEND = YES;
				GCC_C_LANGUAGE_STANDARD = gnu99;
				GCC_WARN_64_TO_32_BIT_CONVERSION = YES;
				GCC_WARN_ABOUT_RETURN_TYPE = YES_ERROR;
				GCC_WARN_UNDECLARED_SELECTOR = YES;
				GCC_WARN_UNINITIALIZED_AUTOS = YES_AGGRESSIVE;
				GCC_WARN_UNUSED_FUNCTION = YES;
				GCC_WARN_UNUSED_VARIABLE = YES;
				IPHONEOS_DEPLOYMENT_TARGET = 7.1;
				MTL_ENABLE_DEBUG_INFO = NO;
				SDKROOT = iphoneos;
				VALIDATE_PRODUCT = YES;
				VALID_ARCHS = "arm64 i386 armv7 armv7s";
			};
			name = Release;
		};
		509080E11ACF494A0014E7DF /* Debug */ = {
			isa = XCBuildConfiguration;
			baseConfigurationReference = 8D140506C125F8E7CE18E841 /* Pods.debug.xcconfig */;
			buildSettings = {
				COMBINE_HIDPI_IMAGES = YES;
				GCC_PREPROCESSOR_DEFINITIONS = (
					"DEBUG=1",
					"$(inherited)",
				);
				INFOPLIST_FILE = Resources/Info.plist;
				INSTALL_PATH = "$(LOCAL_LIBRARY_DIR)/Bundles";
				PRODUCT_NAME = SparkSetup;
				SDKROOT = iphoneos;
				SKIP_INSTALL = YES;
				TARGETED_DEVICE_FAMILY = "1,2";
				WRAPPER_EXTENSION = bundle;
			};
			name = Debug;
		};
		509080E21ACF494A0014E7DF /* Release */ = {
			isa = XCBuildConfiguration;
			baseConfigurationReference = FC0ADC41A6CCAF841506DF90 /* Pods.release.xcconfig */;
			buildSettings = {
				COMBINE_HIDPI_IMAGES = YES;
				DEBUG_INFORMATION_FORMAT = "dwarf-with-dsym";
				INFOPLIST_FILE = Resources/Info.plist;
				INSTALL_PATH = "$(LOCAL_LIBRARY_DIR)/Bundles";
				PRODUCT_NAME = SparkSetup;
				SDKROOT = iphoneos;
				SKIP_INSTALL = YES;
				TARGETED_DEVICE_FAMILY = "1,2";
				WRAPPER_EXTENSION = bundle;
			};
			name = Release;
		};
		509080F91ACF49670014E7DF /* Debug */ = {
			isa = XCBuildConfiguration;
			buildSettings = {
				GCC_PREPROCESSOR_DEFINITIONS = (
					"DEBUG=1",
					"$(inherited)",
				);
				LIBRARY_SEARCH_PATHS = (
					"$(inherited)",
					"$(PROJECT_DIR)/build/Debug-iphoneos",
				);
				ONLY_ACTIVE_ARCH = NO;
				OTHER_LDFLAGS = "-ObjC";
				PRODUCT_NAME = SparkSetup;
				SDKROOT = iphoneos;
				SKIP_INSTALL = YES;
				VALID_ARCHS = "arm64 i386 armv7 armv7s";
			};
			name = Debug;
		};
		509080FA1ACF49670014E7DF /* Release */ = {
			isa = XCBuildConfiguration;
			buildSettings = {
				LIBRARY_SEARCH_PATHS = (
					"$(inherited)",
					"$(PROJECT_DIR)/build/Debug-iphoneos",
				);
				OTHER_LDFLAGS = "-ObjC";
				PRODUCT_NAME = SparkSetup;
				SDKROOT = iphoneos;
				SKIP_INSTALL = YES;
				VALID_ARCHS = "arm64 i386 armv7 armv7s";
			};
			name = Release;
		};
/* End XCBuildConfiguration section */

/* Begin XCConfigurationList section */
		509080B91ACF46600014E7DF /* Build configuration list for PBXProject "SparkSetup" */ = {
			isa = XCConfigurationList;
			buildConfigurations = (
				509080D01ACF46600014E7DF /* Debug */,
				509080D11ACF46600014E7DF /* Release */,
			);
			defaultConfigurationIsVisible = 0;
			defaultConfigurationName = Release;
		};
		509080E01ACF494A0014E7DF /* Build configuration list for PBXNativeTarget "SparkSetupResourceBundle" */ = {
			isa = XCConfigurationList;
			buildConfigurations = (
				509080E11ACF494A0014E7DF /* Debug */,
				509080E21ACF494A0014E7DF /* Release */,
			);
			defaultConfigurationIsVisible = 0;
			defaultConfigurationName = Release;
		};
		509080F81ACF49670014E7DF /* Build configuration list for PBXNativeTarget "SparkSetup" */ = {
			isa = XCConfigurationList;
			buildConfigurations = (
				509080F91ACF49670014E7DF /* Debug */,
				509080FA1ACF49670014E7DF /* Release */,
			);
			defaultConfigurationIsVisible = 0;
			defaultConfigurationName = Release;
		};
/* End XCConfigurationList section */
	};
	rootObject = 509080B61ACF46600014E7DF /* Project object */;
}
